
Microsoft Visual Studio Solution File, Format Version 12.00
# Visual Studio Version 17
VisualStudioVersion = 17.13.35806.99
MinimumVisualStudioVersion = 10.0.40219.1
Project("{FAE04EC0-301F-11D3-BF4B-00C04F79EFBC}") = "knjižnicaGUI", "knjižnicaGUI\knjižnicaGUI.csproj", "{A43D39FE-6AF9-448E-9554-030DB0014CE3}"
EndProject
Project("{FAE04EC0-301F-11D3-BF4B-00C04F79EFBC}") = "knjižnicaLibrary", "..\knjižnicaLibrary\knjižnicaLibrary.csproj", "{C2C69793-364C-9E61-78B6-3D8336B6A8B4}"
EndProject
Global
	GlobalSection(SolutionConfigurationPlatforms) = preSolution
		Debug|Any CPU = Debug|Any CPU
		Release|Any CPU = Release|Any CPU
	EndGlobalSection
	GlobalSection(ProjectConfigurationPlatforms) = postSolution
		{A43D39FE-6AF9-448E-9554-030DB0014CE3}.Debug|Any CPU.ActiveCfg = Debug|Any CPU
		{A43D39FE-6AF9-448E-9554-030DB0014CE3}.Debug|Any CPU.Build.0 = Debug|Any CPU
		{A43D39FE-6AF9-448E-9554-030DB0014CE3}.Release|Any CPU.ActiveCfg = Release|Any CPU
		{A43D39FE-6AF9-448E-9554-030DB0014CE3}.Release|Any CPU.Build.0 = Release|Any CPU
		{C2C69793-364C-9E61-78B6-3D8336B6A8B4}.Debug|Any CPU.ActiveCfg = Debug|Any CPU
		{C2C69793-364C-9E61-78B6-3D8336B6A8B4}.Debug|Any CPU.Build.0 = Debug|Any CPU
		{C2C69793-364C-9E61-78B6-3D8336B6A8B4}.Release|Any CPU.ActiveCfg = Release|Any CPU
		{C2C69793-364C-9E61-78B6-3D8336B6A8B4}.Release|Any CPU.Build.0 = Release|Any CPU
	EndGlobalSection
	GlobalSection(SolutionProperties) = preSolution
		HideSolutionNode = FALSE
	EndGlobalSection
	GlobalSection(ExtensibilityGlobals) = postSolution
		SolutionGuid = {47810AA4-38C5-4031-A649-DFAE3FD407A6}
	EndGlobalSection
EndGlobal
